# THIS IS AN AUTOGENERATED FILE. DO NOT EDIT THIS FILE DIRECTLY.
# yarn lockfile v1


openssl@^2.0.0:
  version "2.0.0"
  resolved "https://registry.yarnpkg.com/openssl/-/openssl-2.0.0.tgz#7204cad363e83e0d7860da95dd0a0fc9d1d7a20c"
  integrity sha512-0FgKhQ/e+XCtTTgn3qZO2g3y+Y3FC/LGvt77oObmMR4ZkZvsV1CuG/mMZClZgZqVKr0+tkemP+I3Uub4WXkHYw==
